
Microsoft Visual Studio Solution File, Format Version 12.00
# Visual Studio Version 16
VisualStudioVersion = 16.0.29905.134
MinimumVisualStudioVersion = 10.0.40219.1
Project("{FAE04EC0-301F-11D3-BF4B-00C04F79EFBC}") = "StringMatch", "StringMatch\StringMatch.csproj", "{53F4DC20-5F12-4AA1-9827-7D796E0EEB1C}"
EndProject
Project("{FAE04EC0-301F-11D3-BF4B-00C04F79EFBC}") = "StringMatchTests", "StringMatchTests\StringMatchTests.csproj", "{65645326-98C3-440F-8D37-C010F74D5ECC}"
EndProject
Global
	GlobalSection(SolutionConfigurationPlatforms) = preSolution
		Debug|Any CPU = Debug|Any CPU
		Release|Any CPU = Release|Any CPU
	EndGlobalSection
	GlobalSection(ProjectConfigurationPlatforms) = postSolution
		{53F4DC20-5F12-4AA1-9827-7D796E0EEB1C}.Debug|Any CPU.ActiveCfg = Debug|Any CPU
		{53F4DC20-5F12-4AA1-9827-7D796E0EEB1C}.Debug|Any CPU.Build.0 = Debug|Any CPU
		{53F4DC20-5F12-4AA1-9827-7D796E0EEB1C}.Release|Any CPU.ActiveCfg = Release|Any CPU
		{53F4DC20-5F12-4AA1-9827-7D796E0EEB1C}.Release|Any CPU.Build.0 = Release|Any CPU
		{65645326-98C3-440F-8D37-C010F74D5ECC}.Debug|Any CPU.ActiveCfg = Debug|Any CPU
		{65645326-98C3-440F-8D37-C010F74D5ECC}.Debug|Any CPU.Build.0 = Debug|Any CPU
		{65645326-98C3-440F-8D37-C010F74D5ECC}.Release|Any CPU.ActiveCfg = Release|Any CPU
		{65645326-98C3-440F-8D37-C010F74D5ECC}.Release|Any CPU.Build.0 = Release|Any CPU
	EndGlobalSection
	GlobalSection(SolutionProperties) = preSolution
		HideSolutionNode = FALSE
	EndGlobalSection
	GlobalSection(ExtensibilityGlobals) = postSolution
		SolutionGuid = {905ADA4C-EF54-401B-8E0F-4A8EDFD1C96E}
	EndGlobalSection
EndGlobal
